
Microsoft Visual Studio Solution File, Format Version 12.00
# Visual Studio Version 17
VisualStudioVersion = 17.5.33530.505
MinimumVisualStudioVersion = 10.0.40219.1
Project("{9A19103F-16F7-4668-BE54-9A1E7A4F7556}") = "VolleyballCompetitionApp.Presentation", "VolleyballCompetitionApp\VolleyballCompetitionApp.Presentation.csproj", "{CB2523F1-BB97-4785-B573-8CEFAC999BBC}"
EndProject
Project("{9A19103F-16F7-4668-BE54-9A1E7A4F7556}") = "VolleyballCompetitionApp.Business", "VolleyballCompetitionApp.Business\VolleyballCompetitionApp.Business.csproj", "{5D9A8C0A-1A03-4D14-AF47-B532199A25D0}"
EndProject
Project("{FAE04EC0-301F-11D3-BF4B-00C04F79EFBC}") = "VolleyballCompetitionApp.Repository", "VolleyballCompetitionApp.Repository\VolleyballCompetitionApp.Repository.csproj", "{88D06968-7ACB-4D23-8258-55A7785084A7}"
EndProject
Global
	GlobalSection(SolutionConfigurationPlatforms) = preSolution
		Debug|Any CPU = Debug|Any CPU
		Release|Any CPU = Release|Any CPU
	EndGlobalSection
	GlobalSection(ProjectConfigurationPlatforms) = postSolution
		{CB2523F1-BB97-4785-B573-8CEFAC999BBC}.Debug|Any CPU.ActiveCfg = Debug|Any CPU
		{CB2523F1-BB97-4785-B573-8CEFAC999BBC}.Debug|Any CPU.Build.0 = Debug|Any CPU
		{CB2523F1-BB97-4785-B573-8CEFAC999BBC}.Release|Any CPU.ActiveCfg = Release|Any CPU
		{CB2523F1-BB97-4785-B573-8CEFAC999BBC}.Release|Any CPU.Build.0 = Release|Any CPU
		{5D9A8C0A-1A03-4D14-AF47-B532199A25D0}.Debug|Any CPU.ActiveCfg = Debug|Any CPU
		{5D9A8C0A-1A03-4D14-AF47-B532199A25D0}.Debug|Any CPU.Build.0 = Debug|Any CPU
		{5D9A8C0A-1A03-4D14-AF47-B532199A25D0}.Release|Any CPU.ActiveCfg = Release|Any CPU
		{5D9A8C0A-1A03-4D14-AF47-B532199A25D0}.Release|Any CPU.Build.0 = Release|Any CPU
		{88D06968-7ACB-4D23-8258-55A7785084A7}.Debug|Any CPU.ActiveCfg = Debug|Any CPU
		{88D06968-7ACB-4D23-8258-55A7785084A7}.Debug|Any CPU.Build.0 = Debug|Any CPU
		{88D06968-7ACB-4D23-8258-55A7785084A7}.Release|Any CPU.ActiveCfg = Release|Any CPU
		{88D06968-7ACB-4D23-8258-55A7785084A7}.Release|Any CPU.Build.0 = Release|Any CPU
	EndGlobalSection
	GlobalSection(SolutionProperties) = preSolution
		HideSolutionNode = FALSE
	EndGlobalSection
	GlobalSection(ExtensibilityGlobals) = postSolution
		SolutionGuid = {0C90F034-F5F1-4B38-B18E-131BAC75D93F}
	EndGlobalSection
EndGlobal
